
Microsoft Visual Studio Solution File, Format Version 12.00
# Visual Studio Version 17
VisualStudioVersion = 17.5.33516.290
MinimumVisualStudioVersion = 10.0.40219.1
Project("{FAE04EC0-301F-11D3-BF4B-00C04F79EFBC}") = "EjercicioSocket", "EjercicioSocket\EjercicioSocket.csproj", "{A07A64CD-828E-4456-8AC9-B50F0CA8A03F}"
EndProject
Project("{FAE04EC0-301F-11D3-BF4B-00C04F79EFBC}") = "ServidorSocket", "ServidorSocket\ServidorSocket.csproj", "{BC5016E6-BB02-4BAB-A435-F8DD00262579}"
EndProject
Project("{FAE04EC0-301F-11D3-BF4B-00C04F79EFBC}") = "EjercicioCliente", "EjercicioCliente\EjercicioCliente.csproj", "{9EA2EC02-3AB0-4454-99DD-8C3B78C61D48}"
EndProject
Project("{FAE04EC0-301F-11D3-BF4B-00C04F79EFBC}") = "ClienteSocketUtils", "ClienteSocketUtils\ClienteSocketUtils.csproj", "{35254EAD-01BB-4CAC-9C35-5B96DB7E8815}"
EndProject
Global
	GlobalSection(SolutionConfigurationPlatforms) = preSolution
		Debug|Any CPU = Debug|Any CPU
		Release|Any CPU = Release|Any CPU
	EndGlobalSection
	GlobalSection(ProjectConfigurationPlatforms) = postSolution
		{A07A64CD-828E-4456-8AC9-B50F0CA8A03F}.Debug|Any CPU.ActiveCfg = Debug|Any CPU
		{A07A64CD-828E-4456-8AC9-B50F0CA8A03F}.Debug|Any CPU.Build.0 = Debug|Any CPU
		{A07A64CD-828E-4456-8AC9-B50F0CA8A03F}.Release|Any CPU.ActiveCfg = Release|Any CPU
		{A07A64CD-828E-4456-8AC9-B50F0CA8A03F}.Release|Any CPU.Build.0 = Release|Any CPU
		{BC5016E6-BB02-4BAB-A435-F8DD00262579}.Debug|Any CPU.ActiveCfg = Debug|Any CPU
		{BC5016E6-BB02-4BAB-A435-F8DD00262579}.Debug|Any CPU.Build.0 = Debug|Any CPU
		{BC5016E6-BB02-4BAB-A435-F8DD00262579}.Release|Any CPU.ActiveCfg = Release|Any CPU
		{BC5016E6-BB02-4BAB-A435-F8DD00262579}.Release|Any CPU.Build.0 = Release|Any CPU
		{9EA2EC02-3AB0-4454-99DD-8C3B78C61D48}.Debug|Any CPU.ActiveCfg = Debug|Any CPU
		{9EA2EC02-3AB0-4454-99DD-8C3B78C61D48}.Debug|Any CPU.Build.0 = Debug|Any CPU
		{9EA2EC02-3AB0-4454-99DD-8C3B78C61D48}.Release|Any CPU.ActiveCfg = Release|Any CPU
		{9EA2EC02-3AB0-4454-99DD-8C3B78C61D48}.Release|Any CPU.Build.0 = Release|Any CPU
		{35254EAD-01BB-4CAC-9C35-5B96DB7E8815}.Debug|Any CPU.ActiveCfg = Debug|Any CPU
		{35254EAD-01BB-4CAC-9C35-5B96DB7E8815}.Debug|Any CPU.Build.0 = Debug|Any CPU
		{35254EAD-01BB-4CAC-9C35-5B96DB7E8815}.Release|Any CPU.ActiveCfg = Release|Any CPU
		{35254EAD-01BB-4CAC-9C35-5B96DB7E8815}.Release|Any CPU.Build.0 = Release|Any CPU
	EndGlobalSection
	GlobalSection(SolutionProperties) = preSolution
		HideSolutionNode = FALSE
	EndGlobalSection
	GlobalSection(ExtensibilityGlobals) = postSolution
		SolutionGuid = {CF0D706B-89D5-4114-94BA-E4AB269775EE}
	EndGlobalSection
EndGlobal
